
Microsoft Visual Studio Solution File, Format Version 12.00
# Visual Studio Version 16
VisualStudioVersion = 16.0.31911.196
MinimumVisualStudioVersion = 10.0.40219.1
Project("{FAE04EC0-301F-11D3-BF4B-00C04F79EFBC}") = "cs", "cs.csproj", "{B54DD762-1DD4-46B3-A240-2D03B498C652}"
EndProject
Global
	GlobalSection(SolutionConfigurationPlatforms) = preSolution
		Debug|Any CPU = Debug|Any CPU
		Debug|x64 = Debug|x64
		Release|Any CPU = Release|Any CPU
		Release|x64 = Release|x64
	EndGlobalSection
	GlobalSection(ProjectConfigurationPlatforms) = postSolution
		{B54DD762-1DD4-46B3-A240-2D03B498C652}.Debug|Any CPU.ActiveCfg = Debug|Any CPU
		{B54DD762-1DD4-46B3-A240-2D03B498C652}.Debug|Any CPU.Build.0 = Debug|Any CPU
		{B54DD762-1DD4-46B3-A240-2D03B498C652}.Debug|x64.ActiveCfg = Release|x64
		{B54DD762-1DD4-46B3-A240-2D03B498C652}.Debug|x64.Build.0 = Release|x64
		{B54DD762-1DD4-46B3-A240-2D03B498C652}.Release|Any CPU.ActiveCfg = Release|Any CPU
		{B54DD762-1DD4-46B3-A240-2D03B498C652}.Release|Any CPU.Build.0 = Release|Any CPU
		{B54DD762-1DD4-46B3-A240-2D03B498C652}.Release|x64.ActiveCfg = Release|x64
		{B54DD762-1DD4-46B3-A240-2D03B498C652}.Release|x64.Build.0 = Release|x64
	EndGlobalSection
	GlobalSection(SolutionProperties) = preSolution
		HideSolutionNode = FALSE
	EndGlobalSection
	GlobalSection(ExtensibilityGlobals) = postSolution
		SolutionGuid = {50B8184E-55BD-4491-8AC7-AD86FEBDB352}
	EndGlobalSection
EndGlobal
